
Microsoft Visual Studio Solution File, Format Version 12.00
# Visual Studio Version 16
VisualStudioVersion = 16.0.31727.386
MinimumVisualStudioVersion = 10.0.40219.1
Project("{9A19103F-16F7-4668-BE54-9A1E7A4F7556}") = "DataAccess", "DataAccess\DataAccess.csproj", "{53636FB2-B826-4FD4-B753-B0035301435A}"
EndProject
Project("{9A19103F-16F7-4668-BE54-9A1E7A4F7556}") = "Entities", "Entities\Entities.csproj", "{CD92ACE9-7A33-40C4-8EA0-E72E312F9169}"
EndProject
Project("{9A19103F-16F7-4668-BE54-9A1E7A4F7556}") = "ConsoleUI", "ConsoleUI\ConsoleUI.csproj", "{07591743-F694-4B3C-A77A-1A7187E960C1}"
EndProject
Project("{9A19103F-16F7-4668-BE54-9A1E7A4F7556}") = "Business", "Business\Business.csproj", "{3BCF2510-1F70-4C37-99D7-26D4078C0E48}"
EndProject
Project("{9A19103F-16F7-4668-BE54-9A1E7A4F7556}") = "Core", "Core\Core.csproj", "{7A82C6CF-CE8F-4672-BF7C-2B9CE4E1510D}"
EndProject
Project("{FAE04EC0-301F-11D3-BF4B-00C04F79EFBC}") = "WebAPI", "WebAPI\WebAPI.csproj", "{405E9974-1B9E-4A3D-AF3F-EF09DB19A3F4}"
EndProject
Global
	GlobalSection(SolutionConfigurationPlatforms) = preSolution
		Debug|Any CPU = Debug|Any CPU
		Release|Any CPU = Release|Any CPU
	EndGlobalSection
	GlobalSection(ProjectConfigurationPlatforms) = postSolution
		{53636FB2-B826-4FD4-B753-B0035301435A}.Debug|Any CPU.ActiveCfg = Debug|Any CPU
		{53636FB2-B826-4FD4-B753-B0035301435A}.Debug|Any CPU.Build.0 = Debug|Any CPU
		{53636FB2-B826-4FD4-B753-B0035301435A}.Release|Any CPU.ActiveCfg = Release|Any CPU
		{53636FB2-B826-4FD4-B753-B0035301435A}.Release|Any CPU.Build.0 = Release|Any CPU
		{CD92ACE9-7A33-40C4-8EA0-E72E312F9169}.Debug|Any CPU.ActiveCfg = Debug|Any CPU
		{CD92ACE9-7A33-40C4-8EA0-E72E312F9169}.Debug|Any CPU.Build.0 = Debug|Any CPU
		{CD92ACE9-7A33-40C4-8EA0-E72E312F9169}.Release|Any CPU.ActiveCfg = Release|Any CPU
		{CD92ACE9-7A33-40C4-8EA0-E72E312F9169}.Release|Any CPU.Build.0 = Release|Any CPU
		{07591743-F694-4B3C-A77A-1A7187E960C1}.Debug|Any CPU.ActiveCfg = Debug|Any CPU
		{07591743-F694-4B3C-A77A-1A7187E960C1}.Debug|Any CPU.Build.0 = Debug|Any CPU
		{07591743-F694-4B3C-A77A-1A7187E960C1}.Release|Any CPU.ActiveCfg = Release|Any CPU
		{07591743-F694-4B3C-A77A-1A7187E960C1}.Release|Any CPU.Build.0 = Release|Any CPU
		{3BCF2510-1F70-4C37-99D7-26D4078C0E48}.Debug|Any CPU.ActiveCfg = Debug|Any CPU
		{3BCF2510-1F70-4C37-99D7-26D4078C0E48}.Debug|Any CPU.Build.0 = Debug|Any CPU
		{3BCF2510-1F70-4C37-99D7-26D4078C0E48}.Release|Any CPU.ActiveCfg = Release|Any CPU
		{3BCF2510-1F70-4C37-99D7-26D4078C0E48}.Release|Any CPU.Build.0 = Release|Any CPU
		{7A82C6CF-CE8F-4672-BF7C-2B9CE4E1510D}.Debug|Any CPU.ActiveCfg = Debug|Any CPU
		{7A82C6CF-CE8F-4672-BF7C-2B9CE4E1510D}.Debug|Any CPU.Build.0 = Debug|Any CPU
		{7A82C6CF-CE8F-4672-BF7C-2B9CE4E1510D}.Release|Any CPU.ActiveCfg = Release|Any CPU
		{7A82C6CF-CE8F-4672-BF7C-2B9CE4E1510D}.Release|Any CPU.Build.0 = Release|Any CPU
		{405E9974-1B9E-4A3D-AF3F-EF09DB19A3F4}.Debug|Any CPU.ActiveCfg = Debug|Any CPU
		{405E9974-1B9E-4A3D-AF3F-EF09DB19A3F4}.Debug|Any CPU.Build.0 = Debug|Any CPU
		{405E9974-1B9E-4A3D-AF3F-EF09DB19A3F4}.Release|Any CPU.ActiveCfg = Release|Any CPU
		{405E9974-1B9E-4A3D-AF3F-EF09DB19A3F4}.Release|Any CPU.Build.0 = Release|Any CPU
	EndGlobalSection
	GlobalSection(SolutionProperties) = preSolution
		HideSolutionNode = FALSE
	EndGlobalSection
	GlobalSection(ExtensibilityGlobals) = postSolution
		SolutionGuid = {C1C42F38-D7E2-419B-BFEF-AAB71C0F2466}
	EndGlobalSection
EndGlobal
